
Microsoft Visual Studio Solution File, Format Version 12.00
# Visual Studio Version 17
VisualStudioVersion = 17.1.32228.430
MinimumVisualStudioVersion = 10.0.40219.1
Project("{FAE04EC0-301F-11D3-BF4B-00C04F79EFBC}") = "ADNCMVC", "ADNCMVC\ADNCMVC.csproj", "{AB4E13C2-0201-43B3-AFC4-C6E5CEE29D2A}"
EndProject
Global
	GlobalSection(SolutionConfigurationPlatforms) = preSolution
		Debug|Any CPU = Debug|Any CPU
		Release|Any CPU = Release|Any CPU
	EndGlobalSection
	GlobalSection(ProjectConfigurationPlatforms) = postSolution
		{AB4E13C2-0201-43B3-AFC4-C6E5CEE29D2A}.Debug|Any CPU.ActiveCfg = Debug|Any CPU
		{AB4E13C2-0201-43B3-AFC4-C6E5CEE29D2A}.Debug|Any CPU.Build.0 = Debug|Any CPU
		{AB4E13C2-0201-43B3-AFC4-C6E5CEE29D2A}.Release|Any CPU.ActiveCfg = Release|Any CPU
		{AB4E13C2-0201-43B3-AFC4-C6E5CEE29D2A}.Release|Any CPU.Build.0 = Release|Any CPU
	EndGlobalSection
	GlobalSection(SolutionProperties) = preSolution
		HideSolutionNode = FALSE
	EndGlobalSection
	GlobalSection(ExtensibilityGlobals) = postSolution
		SolutionGuid = {32706D21-DBA7-432F-9716-B37313FA2C98}
	EndGlobalSection
EndGlobal
